
Microsoft Visual Studio Solution File, Format Version 12.00
# Visual Studio 15
VisualStudioVersion = 15.0.28307.1231
MinimumVisualStudioVersion = 10.0.40219.1
Project("{FAE04EC0-301F-11D3-BF4B-00C04F79EFBC}") = "Homework4.2", "Homework4.2\Homework4.2.csproj", "{F27FBFE9-B06F-4D86-BC49-3F73B0BE3C24}"
EndProject
Global
	GlobalSection(SolutionConfigurationPlatforms) = preSolution
		Debug|Any CPU = Debug|Any CPU
		Release|Any CPU = Release|Any CPU
	EndGlobalSection
	GlobalSection(ProjectConfigurationPlatforms) = postSolution
		{F27FBFE9-B06F-4D86-BC49-3F73B0BE3C24}.Debug|Any CPU.ActiveCfg = Debug|Any CPU
		{F27FBFE9-B06F-4D86-BC49-3F73B0BE3C24}.Debug|Any CPU.Build.0 = Debug|Any CPU
		{F27FBFE9-B06F-4D86-BC49-3F73B0BE3C24}.Release|Any CPU.ActiveCfg = Release|Any CPU
		{F27FBFE9-B06F-4D86-BC49-3F73B0BE3C24}.Release|Any CPU.Build.0 = Release|Any CPU
	EndGlobalSection
	GlobalSection(SolutionProperties) = preSolution
		HideSolutionNode = FALSE
	EndGlobalSection
	GlobalSection(ExtensibilityGlobals) = postSolution
		SolutionGuid = {1B3AA19E-524C-4D5C-8CFA-B35743F0B846}
	EndGlobalSection
EndGlobal
