
Microsoft Visual Studio Solution File, Format Version 12.00
# Visual Studio 15
VisualStudioVersion = 15.0.28307.1231
MinimumVisualStudioVersion = 10.0.40219.1
Project("{FAE04EC0-301F-11D3-BF4B-00C04F79EFBC}") = "Homework1", "Homework_1\Homework1.csproj", "{F9D3DB8E-12D0-4BEB-97D7-4112F3432FEE}"
EndProject
Project("{FAE04EC0-301F-11D3-BF4B-00C04F79EFBC}") = "Homework1Tests", "RootCalculator.Tests\Homework1Tests.csproj", "{976ED911-7813-491B-8CF1-DC1C2A116592}"
EndProject
Global
	GlobalSection(SolutionConfigurationPlatforms) = preSolution
		Debug|Any CPU = Debug|Any CPU
		Release|Any CPU = Release|Any CPU
	EndGlobalSection
	GlobalSection(ProjectConfigurationPlatforms) = postSolution
		{F9D3DB8E-12D0-4BEB-97D7-4112F3432FEE}.Debug|Any CPU.ActiveCfg = Debug|Any CPU
		{F9D3DB8E-12D0-4BEB-97D7-4112F3432FEE}.Debug|Any CPU.Build.0 = Debug|Any CPU
		{F9D3DB8E-12D0-4BEB-97D7-4112F3432FEE}.Release|Any CPU.ActiveCfg = Release|Any CPU
		{F9D3DB8E-12D0-4BEB-97D7-4112F3432FEE}.Release|Any CPU.Build.0 = Release|Any CPU
		{976ED911-7813-491B-8CF1-DC1C2A116592}.Debug|Any CPU.ActiveCfg = Debug|Any CPU
		{976ED911-7813-491B-8CF1-DC1C2A116592}.Debug|Any CPU.Build.0 = Debug|Any CPU
		{976ED911-7813-491B-8CF1-DC1C2A116592}.Release|Any CPU.ActiveCfg = Release|Any CPU
		{976ED911-7813-491B-8CF1-DC1C2A116592}.Release|Any CPU.Build.0 = Release|Any CPU
	EndGlobalSection
	GlobalSection(SolutionProperties) = preSolution
		HideSolutionNode = FALSE
	EndGlobalSection
	GlobalSection(ExtensibilityGlobals) = postSolution
		SolutionGuid = {BD664D6D-AC39-4604-9E2E-D680CB9D19CA}
	EndGlobalSection
EndGlobal
